
Microsoft Visual Studio Solution File, Format Version 12.00
# Visual Studio 15
Project("{FAE04EC0-301F-11D3-BF4B-00C04F79EFBC}") = "VRM10.Tests", "VRM10.Tests.csproj", "{693B2FB3-5FAA-1A7C-D576-1D26A67B1452}"
EndProject
Project("{FAE04EC0-301F-11D3-BF4B-00C04F79EFBC}") = "VRMShaders.VRM10.MToon10.Runtime", "VRMShaders.VRM10.MToon10.Runtime.csproj", "{19775795-8012-2BD0-5918-E6831694E15A}"
EndProject
Project("{FAE04EC0-301F-11D3-BF4B-00C04F79EFBC}") = "UniHumanoid", "UniHumanoid.csproj", "{15BE8C8F-3F10-6720-D010-009CA04E08FD}"
EndProject
Project("{FAE04EC0-301F-11D3-BF4B-00C04F79EFBC}") = "VRMShaders.GLTF.IO.Runtime", "VRMShaders.GLTF.IO.Runtime.csproj", "{4997AAAB-5EB1-1E12-D080-3EC15DF1F259}"
EndProject
Project("{FAE04EC0-301F-11D3-BF4B-00C04F79EFBC}") = "VRM10.Editor", "VRM10.Editor.csproj", "{256A48A8-1F61-1F69-8E61-FEE88D9B1F7E}"
EndProject
Project("{FAE04EC0-301F-11D3-BF4B-00C04F79EFBC}") = "UniGLTF", "UniGLTF.csproj", "{A13150A4-3AE1-B70E-9E6A-4B5A58FF2A0D}"
EndProject
Project("{FAE04EC0-301F-11D3-BF4B-00C04F79EFBC}") = "VRM10", "VRM10.csproj", "{F04E0CDF-5C29-2973-030D-4880E0C34985}"
EndProject
Project("{FAE04EC0-301F-11D3-BF4B-00C04F79EFBC}") = "VRMShaders.GLTF.UniUnlit.Editor", "VRMShaders.GLTF.UniUnlit.Editor.csproj", "{6D71742E-FC5C-B72E-234F-983E63F71215}"
EndProject
Project("{FAE04EC0-301F-11D3-BF4B-00C04F79EFBC}") = "UniGLTF.Tests", "UniGLTF.Tests.csproj", "{B24CD016-25E0-C998-9F81-236DDA1B248B}"
EndProject
Project("{FAE04EC0-301F-11D3-BF4B-00C04F79EFBC}") = "UniGLTF.Editor", "UniGLTF.Editor.csproj", "{8A99637E-E221-D1A3-F31E-F14A078A132F}"
EndProject
Project("{FAE04EC0-301F-11D3-BF4B-00C04F79EFBC}") = "VRMShaders.GLTF.IO.Editor", "VRMShaders.GLTF.IO.Editor.csproj", "{CC194400-7219-74F2-244C-A596A3B8B6E9}"
EndProject
Project("{FAE04EC0-301F-11D3-BF4B-00C04F79EFBC}") = "FastSpringBone10", "FastSpringBone10.csproj", "{6EC23184-CD4F-9CCC-57E5-14AA720125F7}"
EndProject
Project("{FAE04EC0-301F-11D3-BF4B-00C04F79EFBC}") = "VRMShaders.GLTF.IO.Tests", "VRMShaders.GLTF.IO.Tests.csproj", "{43D864E2-589E-03C2-ABC8-A7EF5F3EAB93}"
EndProject
Project("{FAE04EC0-301F-11D3-BF4B-00C04F79EFBC}") = "VrmLib", "VrmLib.csproj", "{EF12DCC0-4B1E-2868-9FDB-E129E0B30586}"
EndProject
Project("{FAE04EC0-301F-11D3-BF4B-00C04F79EFBC}") = "UniHumanoid.Editor", "UniHumanoid.Editor.csproj", "{CFE4D7C6-96E8-EA88-89D1-D065AB25FB0E}"
EndProject
Project("{FAE04EC0-301F-11D3-BF4B-00C04F79EFBC}") = "MToon", "MToon.csproj", "{C4A075F5-07A8-AFFA-F155-F0C38BA31CCA}"
EndProject
Project("{FAE04EC0-301F-11D3-BF4B-00C04F79EFBC}") = "Assembly-CSharp", "Assembly-CSharp.csproj", "{89745ECE-363C-017A-E55F-47CBF7FEEC9F}"
EndProject
Project("{FAE04EC0-301F-11D3-BF4B-00C04F79EFBC}") = "VrmLibTests", "VrmLibTests.csproj", "{88AB67D5-76E4-1546-325F-60F3049B476A}"
EndProject
Project("{FAE04EC0-301F-11D3-BF4B-00C04F79EFBC}") = "MToon.Editor", "MToon.Editor.csproj", "{438CEBFA-9E0E-7FE6-5527-B08F54FA6800}"
EndProject
Project("{FAE04EC0-301F-11D3-BF4B-00C04F79EFBC}") = "VRMShaders.VRM10.MToon10.Editor", "VRMShaders.VRM10.MToon10.Editor.csproj", "{C123EAAC-3FE8-D2A0-1202-97830751A610}"
EndProject
Project("{FAE04EC0-301F-11D3-BF4B-00C04F79EFBC}") = "UniHumanoid.Editor.Tests", "UniHumanoid.Editor.Tests.csproj", "{9F1EB852-400A-9683-C814-1A54D8D50442}"
EndProject
Project("{FAE04EC0-301F-11D3-BF4B-00C04F79EFBC}") = "UniGLTF.Utils", "UniGLTF.Utils.csproj", "{0BED9081-8D47-4732-77E2-2F73FEFC1D50}"
EndProject
Project("{FAE04EC0-301F-11D3-BF4B-00C04F79EFBC}") = "VRMShaders.VRM.IO.Runtime", "VRMShaders.VRM.IO.Runtime.csproj", "{D5FA0A97-FF61-D382-4D93-B1205C50D725}"
EndProject
Project("{FAE04EC0-301F-11D3-BF4B-00C04F79EFBC}") = "VRMShaders.VRM10.Format.Runtime", "VRMShaders.VRM10.Format.Runtime.csproj", "{B0236682-9612-ADEC-43B9-23E8E0E11199}"
EndProject
Project("{FAE04EC0-301F-11D3-BF4B-00C04F79EFBC}") = "VRMShaders.VRM10.MToon10.Tests", "VRMShaders.VRM10.MToon10.Tests.csproj", "{345CBD6F-F0C1-1B3C-B7E4-101E1663D205}"
EndProject
Project("{FAE04EC0-301F-11D3-BF4B-00C04F79EFBC}") = "VRMShaders.GLTF.UniUnlit.Runtime", "VRMShaders.GLTF.UniUnlit.Runtime.csproj", "{866A3B94-A37A-0571-4F3C-E50F313BF826}"
EndProject
Global
	GlobalSection(SolutionConfigurationPlatforms) = preSolution
		Debug|Any CPU = Debug|Any CPU
		Release|Any CPU = Release|Any CPU
	EndGlobalSection
	GlobalSection(ProjectConfigurationPlatforms) = postSolution
		{693B2FB3-5FAA-1A7C-D576-1D26A67B1452}.Debug|Any CPU.ActiveCfg = Debug|Any CPU
		{693B2FB3-5FAA-1A7C-D576-1D26A67B1452}.Debug|Any CPU.Build.0 = Debug|Any CPU
		{693B2FB3-5FAA-1A7C-D576-1D26A67B1452}.Release|Any CPU.ActiveCfg = Release|Any CPU
		{693B2FB3-5FAA-1A7C-D576-1D26A67B1452}.Release|Any CPU.Build.0 = Release|Any CPU
		{19775795-8012-2BD0-5918-E6831694E15A}.Debug|Any CPU.ActiveCfg = Debug|Any CPU
		{19775795-8012-2BD0-5918-E6831694E15A}.Debug|Any CPU.Build.0 = Debug|Any CPU
		{19775795-8012-2BD0-5918-E6831694E15A}.Release|Any CPU.ActiveCfg = Release|Any CPU
		{19775795-8012-2BD0-5918-E6831694E15A}.Release|Any CPU.Build.0 = Release|Any CPU
		{15BE8C8F-3F10-6720-D010-009CA04E08FD}.Debug|Any CPU.ActiveCfg = Debug|Any CPU
		{15BE8C8F-3F10-6720-D010-009CA04E08FD}.Debug|Any CPU.Build.0 = Debug|Any CPU
		{15BE8C8F-3F10-6720-D010-009CA04E08FD}.Release|Any CPU.ActiveCfg = Release|Any CPU
		{15BE8C8F-3F10-6720-D010-009CA04E08FD}.Release|Any CPU.Build.0 = Release|Any CPU
		{4997AAAB-5EB1-1E12-D080-3EC15DF1F259}.Debug|Any CPU.ActiveCfg = Debug|Any CPU
		{4997AAAB-5EB1-1E12-D080-3EC15DF1F259}.Debug|Any CPU.Build.0 = Debug|Any CPU
		{4997AAAB-5EB1-1E12-D080-3EC15DF1F259}.Release|Any CPU.ActiveCfg = Release|Any CPU
		{4997AAAB-5EB1-1E12-D080-3EC15DF1F259}.Release|Any CPU.Build.0 = Release|Any CPU
		{256A48A8-1F61-1F69-8E61-FEE88D9B1F7E}.Debug|Any CPU.ActiveCfg = Debug|Any CPU
		{256A48A8-1F61-1F69-8E61-FEE88D9B1F7E}.Debug|Any CPU.Build.0 = Debug|Any CPU
		{256A48A8-1F61-1F69-8E61-FEE88D9B1F7E}.Release|Any CPU.ActiveCfg = Release|Any CPU
		{256A48A8-1F61-1F69-8E61-FEE88D9B1F7E}.Release|Any CPU.Build.0 = Release|Any CPU
		{A13150A4-3AE1-B70E-9E6A-4B5A58FF2A0D}.Debug|Any CPU.ActiveCfg = Debug|Any CPU
		{A13150A4-3AE1-B70E-9E6A-4B5A58FF2A0D}.Debug|Any CPU.Build.0 = Debug|Any CPU
		{A13150A4-3AE1-B70E-9E6A-4B5A58FF2A0D}.Release|Any CPU.ActiveCfg = Release|Any CPU
		{A13150A4-3AE1-B70E-9E6A-4B5A58FF2A0D}.Release|Any CPU.Build.0 = Release|Any CPU
		{F04E0CDF-5C29-2973-030D-4880E0C34985}.Debug|Any CPU.ActiveCfg = Debug|Any CPU
		{F04E0CDF-5C29-2973-030D-4880E0C34985}.Debug|Any CPU.Build.0 = Debug|Any CPU
		{F04E0CDF-5C29-2973-030D-4880E0C34985}.Release|Any CPU.ActiveCfg = Release|Any CPU
		{F04E0CDF-5C29-2973-030D-4880E0C34985}.Release|Any CPU.Build.0 = Release|Any CPU
		{6D71742E-FC5C-B72E-234F-983E63F71215}.Debug|Any CPU.ActiveCfg = Debug|Any CPU
		{6D71742E-FC5C-B72E-234F-983E63F71215}.Debug|Any CPU.Build.0 = Debug|Any CPU
		{6D71742E-FC5C-B72E-234F-983E63F71215}.Release|Any CPU.ActiveCfg = Release|Any CPU
		{6D71742E-FC5C-B72E-234F-983E63F71215}.Release|Any CPU.Build.0 = Release|Any CPU
		{B24CD016-25E0-C998-9F81-236DDA1B248B}.Debug|Any CPU.ActiveCfg = Debug|Any CPU
		{B24CD016-25E0-C998-9F81-236DDA1B248B}.Debug|Any CPU.Build.0 = Debug|Any CPU
		{B24CD016-25E0-C998-9F81-236DDA1B248B}.Release|Any CPU.ActiveCfg = Release|Any CPU
		{B24CD016-25E0-C998-9F81-236DDA1B248B}.Release|Any CPU.Build.0 = Release|Any CPU
		{8A99637E-E221-D1A3-F31E-F14A078A132F}.Debug|Any CPU.ActiveCfg = Debug|Any CPU
		{8A99637E-E221-D1A3-F31E-F14A078A132F}.Debug|Any CPU.Build.0 = Debug|Any CPU
		{8A99637E-E221-D1A3-F31E-F14A078A132F}.Release|Any CPU.ActiveCfg = Release|Any CPU
		{8A99637E-E221-D1A3-F31E-F14A078A132F}.Release|Any CPU.Build.0 = Release|Any CPU
		{CC194400-7219-74F2-244C-A596A3B8B6E9}.Debug|Any CPU.ActiveCfg = Debug|Any CPU
		{CC194400-7219-74F2-244C-A596A3B8B6E9}.Debug|Any CPU.Build.0 = Debug|Any CPU
		{CC194400-7219-74F2-244C-A596A3B8B6E9}.Release|Any CPU.ActiveCfg = Release|Any CPU
		{CC194400-7219-74F2-244C-A596A3B8B6E9}.Release|Any CPU.Build.0 = Release|Any CPU
		{6EC23184-CD4F-9CCC-57E5-14AA720125F7}.Debug|Any CPU.ActiveCfg = Debug|Any CPU
		{6EC23184-CD4F-9CCC-57E5-14AA720125F7}.Debug|Any CPU.Build.0 = Debug|Any CPU
		{6EC23184-CD4F-9CCC-57E5-14AA720125F7}.Release|Any CPU.ActiveCfg = Release|Any CPU
		{6EC23184-CD4F-9CCC-57E5-14AA720125F7}.Release|Any CPU.Build.0 = Release|Any CPU
		{43D864E2-589E-03C2-ABC8-A7EF5F3EAB93}.Debug|Any CPU.ActiveCfg = Debug|Any CPU
		{43D864E2-589E-03C2-ABC8-A7EF5F3EAB93}.Debug|Any CPU.Build.0 = Debug|Any CPU
		{43D864E2-589E-03C2-ABC8-A7EF5F3EAB93}.Release|Any CPU.ActiveCfg = Release|Any CPU
		{43D864E2-589E-03C2-ABC8-A7EF5F3EAB93}.Release|Any CPU.Build.0 = Release|Any CPU
		{EF12DCC0-4B1E-2868-9FDB-E129E0B30586}.Debug|Any CPU.ActiveCfg = Debug|Any CPU
		{EF12DCC0-4B1E-2868-9FDB-E129E0B30586}.Debug|Any CPU.Build.0 = Debug|Any CPU
		{EF12DCC0-4B1E-2868-9FDB-E129E0B30586}.Release|Any CPU.ActiveCfg = Release|Any CPU
		{EF12DCC0-4B1E-2868-9FDB-E129E0B30586}.Release|Any CPU.Build.0 = Release|Any CPU
		{CFE4D7C6-96E8-EA88-89D1-D065AB25FB0E}.Debug|Any CPU.ActiveCfg = Debug|Any CPU
		{CFE4D7C6-96E8-EA88-89D1-D065AB25FB0E}.Debug|Any CPU.Build.0 = Debug|Any CPU
		{CFE4D7C6-96E8-EA88-89D1-D065AB25FB0E}.Release|Any CPU.ActiveCfg = Release|Any CPU
		{CFE4D7C6-96E8-EA88-89D1-D065AB25FB0E}.Release|Any CPU.Build.0 = Release|Any CPU
		{C4A075F5-07A8-AFFA-F155-F0C38BA31CCA}.Debug|Any CPU.ActiveCfg = Debug|Any CPU
		{C4A075F5-07A8-AFFA-F155-F0C38BA31CCA}.Debug|Any CPU.Build.0 = Debug|Any CPU
		{C4A075F5-07A8-AFFA-F155-F0C38BA31CCA}.Release|Any CPU.ActiveCfg = Release|Any CPU
		{C4A075F5-07A8-AFFA-F155-F0C38BA31CCA}.Release|Any CPU.Build.0 = Release|Any CPU
		{89745ECE-363C-017A-E55F-47CBF7FEEC9F}.Debug|Any CPU.ActiveCfg = Debug|Any CPU
		{89745ECE-363C-017A-E55F-47CBF7FEEC9F}.Debug|Any CPU.Build.0 = Debug|Any CPU
		{89745ECE-363C-017A-E55F-47CBF7FEEC9F}.Release|Any CPU.ActiveCfg = Release|Any CPU
		{89745ECE-363C-017A-E55F-47CBF7FEEC9F}.Release|Any CPU.Build.0 = Release|Any CPU
		{88AB67D5-76E4-1546-325F-60F3049B476A}.Debug|Any CPU.ActiveCfg = Debug|Any CPU
		{88AB67D5-76E4-1546-325F-60F3049B476A}.Debug|Any CPU.Build.0 = Debug|Any CPU
		{88AB67D5-76E4-1546-325F-60F3049B476A}.Release|Any CPU.ActiveCfg = Release|Any CPU
		{88AB67D5-76E4-1546-325F-60F3049B476A}.Release|Any CPU.Build.0 = Release|Any CPU
		{438CEBFA-9E0E-7FE6-5527-B08F54FA6800}.Debug|Any CPU.ActiveCfg = Debug|Any CPU
		{438CEBFA-9E0E-7FE6-5527-B08F54FA6800}.Debug|Any CPU.Build.0 = Debug|Any CPU
		{438CEBFA-9E0E-7FE6-5527-B08F54FA6800}.Release|Any CPU.ActiveCfg = Release|Any CPU
		{438CEBFA-9E0E-7FE6-5527-B08F54FA6800}.Release|Any CPU.Build.0 = Release|Any CPU
		{C123EAAC-3FE8-D2A0-1202-97830751A610}.Debug|Any CPU.ActiveCfg = Debug|Any CPU
		{C123EAAC-3FE8-D2A0-1202-97830751A610}.Debug|Any CPU.Build.0 = Debug|Any CPU
		{C123EAAC-3FE8-D2A0-1202-97830751A610}.Release|Any CPU.ActiveCfg = Release|Any CPU
		{C123EAAC-3FE8-D2A0-1202-97830751A610}.Release|Any CPU.Build.0 = Release|Any CPU
		{9F1EB852-400A-9683-C814-1A54D8D50442}.Debug|Any CPU.ActiveCfg = Debug|Any CPU
		{9F1EB852-400A-9683-C814-1A54D8D50442}.Debug|Any CPU.Build.0 = Debug|Any CPU
		{9F1EB852-400A-9683-C814-1A54D8D50442}.Release|Any CPU.ActiveCfg = Release|Any CPU
		{9F1EB852-400A-9683-C814-1A54D8D50442}.Release|Any CPU.Build.0 = Release|Any CPU
		{0BED9081-8D47-4732-77E2-2F73FEFC1D50}.Debug|Any CPU.ActiveCfg = Debug|Any CPU
		{0BED9081-8D47-4732-77E2-2F73FEFC1D50}.Debug|Any CPU.Build.0 = Debug|Any CPU
		{0BED9081-8D47-4732-77E2-2F73FEFC1D50}.Release|Any CPU.ActiveCfg = Release|Any CPU
		{0BED9081-8D47-4732-77E2-2F73FEFC1D50}.Release|Any CPU.Build.0 = Release|Any CPU
		{D5FA0A97-FF61-D382-4D93-B1205C50D725}.Debug|Any CPU.ActiveCfg = Debug|Any CPU
		{D5FA0A97-FF61-D382-4D93-B1205C50D725}.Debug|Any CPU.Build.0 = Debug|Any CPU
		{D5FA0A97-FF61-D382-4D93-B1205C50D725}.Release|Any CPU.ActiveCfg = Release|Any CPU
		{D5FA0A97-FF61-D382-4D93-B1205C50D725}.Release|Any CPU.Build.0 = Release|Any CPU
		{B0236682-9612-ADEC-43B9-23E8E0E11199}.Debug|Any CPU.ActiveCfg = Debug|Any CPU
		{B0236682-9612-ADEC-43B9-23E8E0E11199}.Debug|Any CPU.Build.0 = Debug|Any CPU
		{B0236682-9612-ADEC-43B9-23E8E0E11199}.Release|Any CPU.ActiveCfg = Release|Any CPU
		{B0236682-9612-ADEC-43B9-23E8E0E11199}.Release|Any CPU.Build.0 = Release|Any CPU
		{345CBD6F-F0C1-1B3C-B7E4-101E1663D205}.Debug|Any CPU.ActiveCfg = Debug|Any CPU
		{345CBD6F-F0C1-1B3C-B7E4-101E1663D205}.Debug|Any CPU.Build.0 = Debug|Any CPU
		{345CBD6F-F0C1-1B3C-B7E4-101E1663D205}.Release|Any CPU.ActiveCfg = Release|Any CPU
		{345CBD6F-F0C1-1B3C-B7E4-101E1663D205}.Release|Any CPU.Build.0 = Release|Any CPU
		{866A3B94-A37A-0571-4F3C-E50F313BF826}.Debug|Any CPU.ActiveCfg = Debug|Any CPU
		{866A3B94-A37A-0571-4F3C-E50F313BF826}.Debug|Any CPU.Build.0 = Debug|Any CPU
		{866A3B94-A37A-0571-4F3C-E50F313BF826}.Release|Any CPU.ActiveCfg = Release|Any CPU
		{866A3B94-A37A-0571-4F3C-E50F313BF826}.Release|Any CPU.Build.0 = Release|Any CPU
	EndGlobalSection
	GlobalSection(SolutionProperties) = preSolution
		HideSolutionNode = FALSE
	EndGlobalSection
EndGlobal
